// !$*UTF8*$!
{
	archiveVersion = 1;
	classes = {
	};
	objectVersion = 46;
	objects = {

/* Begin PBXBuildFile section */
		269136921C87D87A004B0970 /* main.m in Sources */ = {isa = PBXBuildFile; fileRef = 269136911C87D87A004B0970 /* main.m */; };
		269136951C87D87A004B0970 /* AppDelegate.m in Sources */ = {isa = PBXBuildFile; fileRef = 269136941C87D87A004B0970 /* AppDelegate.m */; };
		269136981C87D87A004B0970 /* ViewController.m in Sources */ = {isa = PBXBuildFile; fileRef = 269136971C87D87A004B0970 /* ViewController.m */; };
		2691369B1C87D87A004B0970 /* Main.storyboard in Resources */ = {isa = PBXBuildFile; fileRef = 269136991C87D87A004B0970 /* Main.storyboard */; };
		2691369D1C87D87A004B0970 /* Assets.xcassets in Resources */ = {isa = PBXBuildFile; fileRef = 2691369C1C87D87A004B0970 /* Assets.xcassets */; };
		269136A01C87D87A004B0970 /* LaunchScreen.storyboard in Resources */ = {isa = PBXBuildFile; fileRef = 2691369E1C87D87A004B0970 /* LaunchScreen.storyboard */; };
		269136AB1C87D87A004B0970 /* ZDXZDXUITests.m in Sources */ = {isa = PBXBuildFile; fileRef = 269136AA1C87D87A004B0970 /* ZDXZDXUITests.m */; };
/* End PBXBuildFile section */

/* Begin PBXContainerItemProxy section */
		269136A71C87D87A004B0970 /* PBXContainerItemProxy */ = {
			isa = PBXContainerItemProxy;
			containerPortal = 269136851C87D87A004B0970 /* Project object */;
			proxyType = 1;
			remoteGlobalIDString = 2691368C1C87D87A004B0970;
			remoteInfo = ZDXZDX;
		};
/* End PBXContainerItemProxy section */

/* Begin PBXFileReference section */
		2691368D1C87D87A004B0970 /* ZDXZDX.app */ = {isa = PBXFileReference; explicitFileType = wrapper.application; includeInIndex = 0; path = ZDXZDX.app; sourceTree = BUILT_PRODUCTS_DIR; };
		269136911C87D87A004B0970 /* main.m */ = {isa = PBXFileReference; lastKnownFileType = sourcecode.c.objc; path = main.m; sourceTree = "<group>"; };
		269136931C87D87A004B0970 /* AppDelegate.h */ = {isa = PBXFileReference; lastKnownFileType = sourcecode.c.h; path = AppDelegate.h; sourceTree = "<group>"; };
		269136941C87D87A004B0970 /* AppDelegate.m */ = {isa = PBXFileReference; lastKnownFileType = sourcecode.c.objc; path = AppDelegate.m; sourceTree = "<group>"; };
		269136961C87D87A004B0970 /* ViewController.h */ = {isa = PBXFileReference; lastKnownFileType = sourcecode.c.h; path = ViewController.h; sourceTree = "<group>"; };
		269136971C87D87A004B0970 /* ViewController.m */ = {isa = PBXFileReference; lastKnownFileType = sourcecode.c.objc; path = ViewController.m; sourceTree = "<group>"; };
		2691369A1C87D87A004B0970 /* Base */ = {isa = PBXFileReference; lastKnownFileType = file.storyboard; name = Base; path = Base.lproj/Main.storyboard; sourceTree = "<group>"; };
		2691369C1C87D87A004B0970 /* Assets.xcassets */ = {isa = PBXFileReference; lastKnownFileType = folder.assetcatalog; path = Assets.xcassets; sourceTree = "<group>"; };
		2691369F1C87D87A004B0970 /* Base */ = {isa = PBXFileReference; lastKnownFileType = file.storyboard; name = Base; path = Base.lproj/LaunchScreen.storyboard; sourceTree = "<group>"; };
		269136A11C87D87A004B0970 /* Info.plist */ = {isa = PBXFileReference; lastKnownFileType = text.plist.xml; path = Info.plist; sourceTree = "<group>"; };
		269136A61C87D87A004B0970 /* ZDXZDXUITests.xctest */ = {isa = PBXFileReference; explicitFileType = wrapper.cfbundle; includeInIndex = 0; path = ZDXZDXUITests.xctest; sourceTree = BUILT_PRODUCTS_DIR; };
		269136AA1C87D87A004B0970 /* ZDXZDXUITests.m */ = {isa = PBXFileReference; lastKnownFileType = sourcecode.c.objc; path = ZDXZDXUITests.m; sourceTree = "<group>"; };
		269136AC1C87D87A004B0970 /* Info.plist */ = {isa = PBXFileReference; lastKnownFileType = text.plist.xml; path = Info.plist; sourceTree = "<group>"; };
/* End PBXFileReference section */

/* Begin PBXFrameworksBuildPhase section */
		2691368A1C87D87A004B0970 /* Frameworks */ = {
			isa = PBXFrameworksBuildPhase;
			buildActionMask = 2147483647;
			files = (
			);
			runOnlyForDeploymentPostprocessing = 0;
		};
		269136A31C87D87A004B0970 /* Frameworks */ = {
			isa = PBXFrameworksBuildPhase;
			buildActionMask = 2147483647;
			files = (
			);
			runOnlyForDeploymentPostprocessing = 0;
		};
/* End PBXFrameworksBuildPhase section */

/* Begin PBXGroup section */
		269136841C87D87A004B0970 = {
			isa = PBXGroup;
			children = (
				2691368F1C87D87A004B0970 /* ZDXZDX */,
				269136A91C87D87A004B0970 /* ZDXZDXUITests */,
				2691368E1C87D87A004B0970 /* Products */,
			);
			sourceTree = "<group>";
		};
		2691368E1C87D87A004B0970 /* Products */ = {
			isa = PBXGroup;
			children = (
				2691368D1C87D87A004B0970 /* ZDXZDX.app */,
				269136A61C87D87A004B0970 /* ZDXZDXUITests.xctest */,
			);
			name = Products;
			sourceTree = "<group>";
		};
		2691368F1C87D87A004B0970 /* ZDXZDX */ = {
			isa = PBXGroup;
			children = (
				269136931C87D87A004B0970 /* AppDelegate.h */,
				269136941C87D87A004B0970 /* AppDelegate.m */,
				269136961C87D87A004B0970 /* ViewController.h */,
				269136971C87D87A004B0970 /* ViewController.m */,
				269136991C87D87A004B0970 /* Main.storyboard */,
				2691369C1C87D87A004B0970 /* Assets.xcassets */,
				2691369E1C87D87A004B0970 /* LaunchScreen.storyboard */,
				269136A11C87D87A004B0970 /* Info.plist */,
				269136901C87D87A004B0970 /* Supporting Files */,
			);
			path = ZDXZDX;
			sourceTree = "<group>";
		};
		269136901C87D87A004B0970 /* Supporting Files */ = {
			isa = PBXGroup;
			children = (
				269136911C87D87A004B0970 /* main.m */,
			);
			name = "Supporting Files";
			sourceTree = "<group>";
		};
		269136A91C87D87A004B0970 /* ZDXZDXUITests */ = {
			isa = PBXGroup;
			children = (
				269136AA1C87D87A004B0970 /* ZDXZDXUITests.m */,
				269136AC1C87D87A004B0970 /* Info.plist */,
			);
			path = ZDXZDXUITests;
			sourceTree = "<group>";
		};
/* End PBXGroup section */

/* Begin PBXNativeTarget section */
		2691368C1C87D87A004B0970 /* ZDXZDX */ = {
			isa = PBXNativeTarget;
			buildConfigurationList = 269136AF1C87D87A004B0970 /* Build configuration list for PBXNativeTarget "ZDXZDX" */;
			buildPhases = (
				269136891C87D87A004B0970 /* Sources */,
				2691368A1C87D87A004B0970 /* Frameworks */,
				2691368B1C87D87A004B0970 /* Resources */,
			);
			buildRules = (
			);
			dependencies = (
			);
			name = ZDXZDX;
			productName = ZDXZDX;
			productReference = 2691368D1C87D87A004B0970 /* ZDXZDX.app */;
			productType = "com.apple.product-type.application";
		};
		269136A51C87D87A004B0970 /* ZDXZDXUITests */ = {
			isa = PBXNativeTarget;
			buildConfigurationList = 269136B21C87D87A004B0970 /* Build configuration list for PBXNativeTarget "ZDXZDXUITests" */;
			buildPhases = (
				269136A21C87D87A004B0970 /* Sources */,
				269136A31C87D87A004B0970 /* Frameworks */,
				269136A41C87D87A004B0970 /* Resources */,
			);
			buildRules = (
			);
			dependencies = (
				269136A81C87D87A004B0970 /* PBXTargetDependency */,
			);
			name = ZDXZDXUITests;
			productName = ZDXZDXUITests;
			productReference = 269136A61C87D87A004B0970 /* ZDXZDXUITests.xctest */;
			productType = "com.apple.product-type.bundle.ui-testing";
		};
/* End PBXNativeTarget section */

/* Begin PBXProject section */
		269136851C87D87A004B0970 /* Project object */ = {
			isa = PBXProject;
			attributes = {
				LastUpgradeCheck = 0730;
				ORGANIZATIONNAME = "郑东喜";
				TargetAttributes = {
					2691368C1C87D87A004B0970 = {
						CreatedOnToolsVersion = 7.3;
						DevelopmentTeam = 9UF5RB3E6T;
					};
					269136A51C87D87A004B0970 = {
						CreatedOnToolsVersion = 7.3;
						DevelopmentTeam = 9UF5RB3E6T;
						TestTargetID = 2691368C1C87D87A004B0970;
					};
				};
			};
			buildConfigurationList = 269136881C87D87A004B0970 /* Build configuration list for PBXProject "ZDXZDX" */;
			compatibilityVersion = "Xcode 3.2";
			developmentRegion = English;
			hasScannedForEncodings = 0;
			knownRegions = (
				en,
				Base,
			);
			mainGroup = 269136841C87D87A004B0970;
			productRefGroup = 2691368E1C87D87A004B0970 /* Products */;
			projectDirPath = "";
			projectRoot = "";
			targets = (
				2691368C1C87D87A004B0970 /* ZDXZDX */,
				269136A51C87D87A004B0970 /* ZDXZDXUITests */,
			);
		};
/* End PBXProject section */

/* Begin PBXResourcesBuildPhase section */
		2691368B1C87D87A004B0970 /* Resources */ = {
			isa = PBXResourcesBuildPhase;
			buildActionMask = 2147483647;
			files = (
				269136A01C87D87A004B0970 /* LaunchScreen.storyboard in Resources */,
				2691369D1C87D87A004B0970 /* Assets.xcassets in Resources */,
				2691369B1C87D87A004B0970 /* Main.storyboard in Resources */,
			);
			runOnlyForDeploymentPostprocessing = 0;
		};
		269136A41C87D87A004B0970 /* Resources */ = {
			isa = PBXResourcesBuildPhase;
			buildActionMask = 2147483647;
			files = (
			);
			runOnlyForDeploymentPostprocessing = 0;
		};
/* End PBXResourcesBuildPhase section */

/* Begin PBXSourcesBuildPhase section */
		269136891C87D87A004B0970 /* Sources */ = {
			isa = PBXSourcesBuildPhase;
			buildActionMask = 2147483647;
			files = (
				269136981C87D87A004B0970 /* ViewController.m in Sources */,
				269136951C87D87A004B0970 /* AppDelegate.m in Sources */,
				269136921C87D87A004B0970 /* main.m in Sources */,
			);
			runOnlyForDeploymentPostprocessing = 0;
		};
		269136A21C87D87A004B0970 /* Sources */ = {
			isa = PBXSourcesBuildPhase;
			buildActionMask = 2147483647;
			files = (
				269136AB1C87D87A004B0970 /* ZDXZDXUITests.m in Sources */,
			);
			runOnlyForDeploymentPostprocessing = 0;
		};
/* End PBXSourcesBuildPhase section */

/* Begin PBXTargetDependency section */
		269136A81C87D87A004B0970 /* PBXTargetDependency */ = {
			isa = PBXTargetDependency;
			target = 2691368C1C87D87A004B0970 /* ZDXZDX */;
			targetProxy = 269136A71C87D87A004B0970 /* PBXContainerItemProxy */;
		};
/* End PBXTargetDependency section */

/* Begin PBXVariantGroup section */
		269136991C87D87A004B0970 /* Main.storyboard */ = {
			isa = PBXVariantGroup;
			children = (
				2691369A1C87D87A004B0970 /* Base */,
			);
			name = Main.storyboard;
			sourceTree = "<group>";
		};
		2691369E1C87D87A004B0970 /* LaunchScreen.storyboard */ = {
			isa = PBXVariantGroup;
			children = (
				2691369F1C87D87A004B0970 /* Base */,
			);
			name = LaunchScreen.storyboard;
			sourceTree = "<group>";
		};
/* End PBXVariantGroup section */

/* Begin XCBuildConfiguration section */
		269136AD1C87D87A004B0970 /* Debug */ = {
			isa = XCBuildConfiguration;
			buildSettings = {
				ALWAYS_SEARCH_USER_PATHS = NO;
				CLANG_ANALYZER_NONNULL = YES;
				CLANG_CXX_LANGUAGE_STANDARD = "gnu++0x";
				CLANG_CXX_LIBRARY = "libc++";
				CLANG_ENABLE_MODULES = YES;
				CLANG_ENABLE_OBJC_ARC = YES;
				CLANG_WARN_BOOL_CONVERSION = YES;
				CLANG_WARN_CONSTANT_CONVERSION = YES;
				CLANG_WARN_DIRECT_OBJC_ISA_USAGE = YES_ERROR;
				CLANG_WARN_EMPTY_BODY = YES;
				CLANG_WARN_ENUM_CONVERSION = YES;
				CLANG_WARN_INT_CONVERSION = YES;
				CLANG_WARN_OBJC_ROOT_CLASS = YES_ERROR;
				CLANG_WARN_UNREACHABLE_CODE = YES;
				CLANG_WARN__DUPLICATE_METHOD_MATCH = YES;
				"CODE_SIGN_IDENTITY[sdk=iphoneos*]" = "iPhone Developer";
				COPY_PHASE_STRIP = NO;
				DEBUG_INFORMATION_FORMAT = dwarf;
				ENABLE_STRICT_OBJC_MSGSEND = YES;
				ENABLE_TESTABILITY = YES;
				GCC_C_LANGUAGE_STANDARD = gnu99;
				GCC_DYNAMIC_NO_PIC = NO;
				GCC_NO_COMMON_BLOCKS = YES;
				GCC_OPTIMIZATION_LEVEL = 0;
				GCC_PREPROCESSOR_DEFINITIONS = (
					"DEBUG=1",
					"$(inherited)",
				);
				GCC_WARN_64_TO_32_BIT_CONVERSION = YES;
				GCC_WARN_ABOUT_RETURN_TYPE = YES_ERROR;
				GCC_WARN_UNDECLARED_SELECTOR = YES;
				GCC_WARN_UNINITIALIZED_AUTOS = YES_AGGRESSIVE;
				GCC_WARN_UNUSED_FUNCTION = YES;
				GCC_WARN_UNUSED_VARIABLE = YES;
				IPHONEOS_DEPLOYMENT_TARGET = 9.3;
				MTL_ENABLE_DEBUG_INFO = YES;
				ONLY_ACTIVE_ARCH = YES;
				SDKROOT = iphoneos;
				TARGETED_DEVICE_FAMILY = "1,2";
			};
			name = Debug;
		};
		269136AE1C87D87A004B0970 /* Release */ = {
			isa = XCBuildConfiguration;
			buildSettings = {
				ALWAYS_SEARCH_USER_PATHS = NO;
				CLANG_ANALYZER_NONNULL = YES;
				CLANG_CXX_LANGUAGE_STANDARD = "gnu++0x";
				CLANG_CXX_LIBRARY = "libc++";
				CLANG_ENABLE_MODULES = YES;
				CLANG_ENABLE_OBJC_ARC = YES;
				CLANG_WARN_BOOL_CONVERSION = YES;
				CLANG_WARN_CONSTANT_CONVERSION = YES;
				CLANG_WARN_DIRECT_OBJC_ISA_USAGE = YES_ERROR;
				CLANG_WARN_EMPTY_BODY = YES;
				CLANG_WARN_ENUM_CONVERSION = YES;
				CLANG_WARN_INT_CONVERSION = YES;
				CLANG_WARN_OBJC_ROOT_CLASS = YES_ERROR;
				CLANG_WARN_UNREACHABLE_CODE = YES;
				CLANG_WARN__DUPLICATE_METHOD_MATCH = YES;
				"CODE_SIGN_IDENTITY[sdk=iphoneos*]" = "iPhone Developer";
				COPY_PHASE_STRIP = NO;
				DEBUG_INFORMATION_FORMAT = "dwarf-with-dsym";
				ENABLE_NS_ASSERTIONS = NO;
				ENABLE_STRICT_OBJC_MSGSEND = YES;
				GCC_C_LANGUAGE_STANDARD = gnu99;
				GCC_NO_COMMON_BLOCKS = YES;
				GCC_WARN_64_TO_32_BIT_CONVERSION = YES;
				GCC_WARN_ABOUT_RETURN_TYPE = YES_ERROR;
				GCC_WARN_UNDECLARED_SELECTOR = YES;
				GCC_WARN_UNINITIALIZED_AUTOS = YES_AGGRESSIVE;
				GCC_WARN_UNUSED_FUNCTION = YES;
				GCC_WARN_UNUSED_VARIABLE = YES;
				IPHONEOS_DEPLOYMENT_TARGET = 9.3;
				MTL_ENABLE_DEBUG_INFO = NO;
				SDKROOT = iphoneos;
				TARGETED_DEVICE_FAMILY = "1,2";
				VALIDATE_PRODUCT = YES;
			};
			name = Release;
		};
		269136B01C87D87A004B0970 /* Debug */ = {
			isa = XCBuildConfiguration;
			buildSettings = {
				ASSETCATALOG_COMPILER_APPICON_NAME = AppIcon;
				INFOPLIST_FILE = ZDXZDX/Info.plist;
				LD_RUNPATH_SEARCH_PATHS = "$(inherited) @executable_path/Frameworks";
				PRODUCT_BUNDLE_IDENTIFIER = com.test.ZDXZDX;
				PRODUCT_NAME = "$(TARGET_NAME)";
			};
			name = Debug;
		};
		269136B11C87D87A004B0970 /* Release */ = {
			isa = XCBuildConfiguration;
			buildSettings = {
				ASSETCATALOG_COMPILER_APPICON_NAME = AppIcon;
				INFOPLIST_FILE = ZDXZDX/Info.plist;
				LD_RUNPATH_SEARCH_PATHS = "$(inherited) @executable_path/Frameworks";
				PRODUCT_BUNDLE_IDENTIFIER = com.test.ZDXZDX;
				PRODUCT_NAME = "$(TARGET_NAME)";
			};
			name = Release;
		};
		269136B31C87D87A004B0970 /* Debug */ = {
			isa = XCBuildConfiguration;
			buildSettings = {
				INFOPLIST_FILE = ZDXZDXUITests/Info.plist;
				LD_RUNPATH_SEARCH_PATHS = "$(inherited) @executable_path/Frameworks @loader_path/Frameworks";
				PRODUCT_BUNDLE_IDENTIFIER = com.test.ZDXZDXUITests;
				PRODUCT_NAME = "$(TARGET_NAME)";
				TEST_TARGET_NAME = ZDXZDX;
			};
			name = Debug;
		};
		269136B41C87D87A004B0970 /* Release */ = {
			isa = XCBuildConfiguration;
			buildSettings = {
				INFOPLIST_FILE = ZDXZDXUITests/Info.plist;
				LD_RUNPATH_SEARCH_PATHS = "$(inherited) @executable_path/Frameworks @loader_path/Frameworks";
				PRODUCT_BUNDLE_IDENTIFIER = com.test.ZDXZDXUITests;
				PRODUCT_NAME = "$(TARGET_NAME)";
				TEST_TARGET_NAME = ZDXZDX;
			};
			name = Release;
		};
/* End XCBuildConfiguration section */

/* Begin XCConfigurationList section */
		269136881C87D87A004B0970 /* Build configuration list for PBXProject "ZDXZDX" */ = {
			isa = XCConfigurationList;
			buildConfigurations = (
				269136AD1C87D87A004B0970 /* Debug */,
				269136AE1C87D87A004B0970 /* Release */,
			);
			defaultConfigurationIsVisible = 0;
			defaultConfigurationName = Release;
		};
		269136AF1C87D87A004B0970 /* Build configuration list for PBXNativeTarget "ZDXZDX" */ = {
			isa = XCConfigurationList;
			buildConfigurations = (
				269136B01C87D87A004B0970 /* Debug */,
				269136B11C87D87A004B0970 /* Release */,
			);
			defaultConfigurationIsVisible = 0;
		};
		269136B21C87D87A004B0970 /* Build configuration list for PBXNativeTarget "ZDXZDXUITests" */ = {
			isa = XCConfigurationList;
			buildConfigurations = (
				269136B31C87D87A004B0970 /* Debug */,
				269136B41C87D87A004B0970 /* Release */,
			);
			defaultConfigurationIsVisible = 0;
		};
/* End XCConfigurationList section */
	};
	rootObject = 269136851C87D87A004B0970 /* Project object */;
}
